Microsoft Visual Studio Solution File, Format Version 8.00
Project("{8BC9CEB8-8B4A-11D0-8D11-00A0C91BC942}") = "DataFileViewer", "DataFileViewer.vcproj", "{358D3B1C-FC61-4FE8-9E69-05F10E35371B}"
	ProjectSection(ProjectDependencies) = postProject
	EndProjectSection
EndProject
Global
	GlobalSection(SolutionConfiguration) = preSolution
		Debug = Debug
		Release = Release
	EndGlobalSection
	GlobalSection(ProjectConfiguration) = postSolution
		{358D3B1C-FC61-4FE8-9E69-05F10E35371B}.Debug.ActiveCfg = Debug|Win32
		{358D3B1C-FC61-4FE8-9E69-05F10E35371B}.Debug.Build.0 = Debug|Win32
		{358D3B1C-FC61-4FE8-9E69-05F10E35371B}.Release.ActiveCfg = Release|Win32
		{358D3B1C-FC61-4FE8-9E69-05F10E35371B}.Release.Build.0 = Release|Win32
	EndGlobalSection
	GlobalSection(ExtensibilityGlobals) = postSolution
	EndGlobalSection
	GlobalSection(ExtensibilityAddIns) = postSolution
	EndGlobalSection
EndGlobal
