Microsoft Visual Studio Solution File, Format Version 8.00
Project("{8BC9CEB8-8B4A-11D0-8D11-00A0C91BC942}") = "ConvertDataFile", "ConvertDataFile.vcproj", "{F3AD5018-2370-4F90-A7F9-C5D5CDC92175}"
	ProjectSection(ProjectDependencies) = postProject
	EndProjectSection
EndProject
Global
	GlobalSection(SolutionConfiguration) = preSolution
		Debug = Debug
		Release = Release
	EndGlobalSection
	GlobalSection(ProjectConfiguration) = postSolution
		{F3AD5018-2370-4F90-A7F9-C5D5CDC92175}.Debug.ActiveCfg = Debug|Win32
		{F3AD5018-2370-4F90-A7F9-C5D5CDC92175}.Debug.Build.0 = Debug|Win32
		{F3AD5018-2370-4F90-A7F9-C5D5CDC92175}.Release.ActiveCfg = Release|Win32
		{F3AD5018-2370-4F90-A7F9-C5D5CDC92175}.Release.Build.0 = Release|Win32
	EndGlobalSection
	GlobalSection(ExtensibilityGlobals) = postSolution
	EndGlobalSection
	GlobalSection(ExtensibilityAddIns) = postSolution
	EndGlobalSection
EndGlobal
